
Microsoft Visual Studio Solution File, Format Version 12.00
# Visual Studio Version 17
VisualStudioVersion = 17.13.35931.197 d17.13
MinimumVisualStudioVersion = 10.0.40219.1
Project("{FAE04EC0-301F-11D3-BF4B-00C04F79EFBC}") = "MauiApp7", "MauiApp7\MauiApp7.csproj", "{AC209D59-8BAF-4803-A9D2-4B261D6C4B60}"
EndProject
Global
	GlobalSection(SolutionConfigurationPlatforms) = preSolution
		Debug|Any CPU = Debug|Any CPU
		Release|Any CPU = Release|Any CPU
	EndGlobalSection
	GlobalSection(ProjectConfigurationPlatforms) = postSolution
		{AC209D59-8BAF-4803-A9D2-4B261D6C4B60}.Debug|Any CPU.ActiveCfg = Debug|Any CPU
		{AC209D59-8BAF-4803-A9D2-4B261D6C4B60}.Debug|Any CPU.Build.0 = Debug|Any CPU
		{AC209D59-8BAF-4803-A9D2-4B261D6C4B60}.Release|Any CPU.ActiveCfg = Release|Any CPU
		{AC209D59-8BAF-4803-A9D2-4B261D6C4B60}.Release|Any CPU.Build.0 = Release|Any CPU
	EndGlobalSection
	GlobalSection(SolutionProperties) = preSolution
		HideSolutionNode = FALSE
	EndGlobalSection
	GlobalSection(ExtensibilityGlobals) = postSolution
		SolutionGuid = {81BA28BE-ADAE-4E99-81A0-74CEF05D5F7B}
	EndGlobalSection
EndGlobal
